
Microsoft Visual Studio Solution File, Format Version 12.00
# Visual Studio Version 16
VisualStudioVersion = 16.0.32602.291
MinimumVisualStudioVersion = 10.0.40219.1
Project("{FAE04EC0-301F-11D3-BF4B-00C04F79EFBC}") = "Generic-Collection", "Generic-Collection\Generic-Collection.csproj", "{5228D0D4-3AFC-417A-88F7-FC18F38F3258}"
EndProject
Global
	GlobalSection(SolutionConfigurationPlatforms) = preSolution
		Debug|Any CPU = Debug|Any CPU
		Release|Any CPU = Release|Any CPU
	EndGlobalSection
	GlobalSection(ProjectConfigurationPlatforms) = postSolution
		{5228D0D4-3AFC-417A-88F7-FC18F38F3258}.Debug|Any CPU.ActiveCfg = Debug|Any CPU
		{5228D0D4-3AFC-417A-88F7-FC18F38F3258}.Debug|Any CPU.Build.0 = Debug|Any CPU
		{5228D0D4-3AFC-417A-88F7-FC18F38F3258}.Release|Any CPU.ActiveCfg = Release|Any CPU
		{5228D0D4-3AFC-417A-88F7-FC18F38F3258}.Release|Any CPU.Build.0 = Release|Any CPU
	EndGlobalSection
	GlobalSection(SolutionProperties) = preSolution
		HideSolutionNode = FALSE
	EndGlobalSection
	GlobalSection(ExtensibilityGlobals) = postSolution
		SolutionGuid = {8F5CBB9A-6599-467C-9ACA-A73473DF94B5}
	EndGlobalSection
EndGlobal
